// !$*UTF8*$!
{
	archiveVersion = 1;
	classes = {
	};
	objectVersion = 48;
	objects = {

/* Begin PBXBuildFile section */
		43A0CE822043A4C600139580 /* AppDelegate.swift in Sources */ = {isa = PBXBuildFile; fileRef = 43A0CE812043A4C600139580 /* AppDelegate.swift */; };
		43A0CE842043A4C600139580 /* ViewController.swift in Sources */ = {isa = PBXBuildFile; fileRef = 43A0CE832043A4C600139580 /* ViewController.swift */; };
		43A0CE872043A4C600139580 /* Main.storyboard in Resources */ = {isa = PBXBuildFile; fileRef = 43A0CE852043A4C600139580 /* Main.storyboard */; };
		43A0CE892043A4C600139580 /* Assets.xcassets in Resources */ = {isa = PBXBuildFile; fileRef = 43A0CE882043A4C600139580 /* Assets.xcassets */; };
		43A0CE8C2043A4C600139580 /* LaunchScreen.storyboard in Resources */ = {isa = PBXBuildFile; fileRef = 43A0CE8A2043A4C600139580 /* LaunchScreen.storyboard */; };
		43A0CE972043A4C600139580 /* EmojiDictionaryTests.swift in Sources */ = {isa = PBXBuildFile; fileRef = 43A0CE962043A4C600139580 /* EmojiDictionaryTests.swift */; };
		43A0CEA22043A4C600139580 /* EmojiDictionaryUITests.swift in Sources */ = {isa = PBXBuildFile; fileRef = 43A0CEA12043A4C600139580 /* EmojiDictionaryUITests.swift */; };
		43A0CEB0204659FF00139580 /* DefinitionViewController.swift in Sources */ = {isa = PBXBuildFile; fileRef = 43A0CEAF204659FF00139580 /* DefinitionViewController.swift */; };
/* End PBXBuildFile section */

/* Begin PBXContainerItemProxy section */
		43A0CE932043A4C600139580 /* PBXContainerItemProxy */ = {
			isa = PBXContainerItemProxy;
			containerPortal = 43A0CE762043A4C500139580 /* Project object */;
			proxyType = 1;
			remoteGlobalIDString = 43A0CE7D2043A4C600139580;
			remoteInfo = EmojiDictionary;
		};
		43A0CE9E2043A4C600139580 /* PBXContainerItemProxy */ = {
			isa = PBXContainerItemProxy;
			containerPortal = 43A0CE762043A4C500139580 /* Project object */;
			proxyType = 1;
			remoteGlobalIDString = 43A0CE7D2043A4C600139580;
			remoteInfo = EmojiDictionary;
		};
/* End PBXContainerItemProxy section */

/* Begin PBXFileReference section */
		43A0CE7E2043A4C600139580 /* EmojiDictionary.app */ = {isa = PBXFileReference; explicitFileType = wrapper.application; includeInIndex = 0; path = EmojiDictionary.app; sourceTree = BUILT_PRODUCTS_DIR; };
		43A0CE812043A4C600139580 /* AppDelegate.swift */ = {isa = PBXFileReference; lastKnownFileType = sourcecode.swift; path = AppDelegate.swift; sourceTree = "<group>"; };
		43A0CE832043A4C600139580 /* ViewController.swift */ = {isa = PBXFileReference; lastKnownFileType = sourcecode.swift; path = ViewController.swift; sourceTree = "<group>"; };
		43A0CE862043A4C600139580 /* Base */ = {isa = PBXFileReference; lastKnownFileType = file.storyboard; name = Base; path = Base.lproj/Main.storyboard; sourceTree = "<group>"; };
		43A0CE882043A4C600139580 /* Assets.xcassets */ = {isa = PBXFileReference; lastKnownFileType = folder.assetcatalog; path = Assets.xcassets; sourceTree = "<group>"; };
		43A0CE8B2043A4C600139580 /* Base */ = {isa = PBXFileReference; lastKnownFileType = file.storyboard; name = Base; path = Base.lproj/LaunchScreen.storyboard; sourceTree = "<group>"; };
		43A0CE8D2043A4C600139580 /* Info.plist */ = {isa = PBXFileReference; lastKnownFileType = text.plist.xml; path = Info.plist; sourceTree = "<group>"; };
		43A0CE922043A4C600139580 /* EmojiDictionaryTests.xctest */ = {isa = PBXFileReference; explicitFileType = wrapper.cfbundle; includeInIndex = 0; path = EmojiDictionaryTests.xctest; sourceTree = BUILT_PRODUCTS_DIR; };
		43A0CE962043A4C600139580 /* EmojiDictionaryTests.swift */ = {isa = PBXFileReference; lastKnownFileType = sourcecode.swift; path = EmojiDictionaryTests.swift; sourceTree = "<group>"; };
		43A0CE982043A4C600139580 /* Info.plist */ = {isa = PBXFileReference; lastKnownFileType = text.plist.xml; path = Info.plist; sourceTree = "<group>"; };
		43A0CE9D2043A4C600139580 /* EmojiDictionaryUITests.xctest */ = {isa = PBXFileReference; explicitFileType = wrapper.cfbundle; includeInIndex = 0; path = EmojiDictionaryUITests.xctest; sourceTree = BUILT_PRODUCTS_DIR; };
		43A0CEA12043A4C600139580 /* EmojiDictionaryUITests.swift */ = {isa = PBXFileReference; lastKnownFileType = sourcecode.swift; path = EmojiDictionaryUITests.swift; sourceTree = "<group>"; };
		43A0CEA32043A4C600139580 /* Info.plist */ = {isa = PBXFileReference; lastKnownFileType = text.plist.xml; path = Info.plist; sourceTree = "<group>"; };
		43A0CEAF204659FF00139580 /* DefinitionViewController.swift */ = {isa = PBXFileReference; lastKnownFileType = sourcecode.swift; path = DefinitionViewController.swift; sourceTree = "<group>"; };
/* End PBXFileReference section */

/* Begin PBXFrameworksBuildPhase section */
		43A0CE7B2043A4C600139580 /* Frameworks */ = {
			isa = PBXFrameworksBuildPhase;
			buildActionMask = 2147483647;
			files = (
			);
			runOnlyForDeploymentPostprocessing = 0;
		};
		43A0CE8F2043A4C600139580 /* Frameworks */ = {
			isa = PBXFrameworksBuildPhase;
			buildActionMask = 2147483647;
			files = (
			);
			runOnlyForDeploymentPostprocessing = 0;
		};
		43A0CE9A2043A4C600139580 /* Frameworks */ = {
			isa = PBXFrameworksBuildPhase;
			buildActionMask = 2147483647;
			files = (
			);
			runOnlyForDeploymentPostprocessing = 0;
		};
/* End PBXFrameworksBuildPhase section */

/* Begin PBXGroup section */
		43A0CE752043A4C500139580 = {
			isa = PBXGroup;
			children = (
				43A0CE802043A4C600139580 /* EmojiDictionary */,
				43A0CE952043A4C600139580 /* EmojiDictionaryTests */,
				43A0CEA02043A4C600139580 /* EmojiDictionaryUITests */,
				43A0CE7F2043A4C600139580 /* Products */,
			);
			sourceTree = "<group>";
		};
		43A0CE7F2043A4C600139580 /* Products */ = {
			isa = PBXGroup;
			children = (
				43A0CE7E2043A4C600139580 /* EmojiDictionary.app */,
				43A0CE922043A4C600139580 /* EmojiDictionaryTests.xctest */,
				43A0CE9D2043A4C600139580 /* EmojiDictionaryUITests.xctest */,
			);
			name = Products;
			sourceTree = "<group>";
		};
		43A0CE802043A4C600139580 /* EmojiDictionary */ = {
			isa = PBXGroup;
			children = (
				43A0CE812043A4C600139580 /* AppDelegate.swift */,
				43A0CE832043A4C600139580 /* ViewController.swift */,
				43A0CEAF204659FF00139580 /* DefinitionViewController.swift */,
				43A0CE852043A4C600139580 /* Main.storyboard */,
				43A0CE882043A4C600139580 /* Assets.xcassets */,
				43A0CE8A2043A4C600139580 /* LaunchScreen.storyboard */,
				43A0CE8D2043A4C600139580 /* Info.plist */,
			);
			path = EmojiDictionary;
			sourceTree = "<group>";
		};
		43A0CE952043A4C600139580 /* EmojiDictionaryTests */ = {
			isa = PBXGroup;
			children = (
				43A0CE962043A4C600139580 /* EmojiDictionaryTests.swift */,
				43A0CE982043A4C600139580 /* Info.plist */,
			);
			path = EmojiDictionaryTests;
			sourceTree = "<group>";
		};
		43A0CEA02043A4C600139580 /* EmojiDictionaryUITests */ = {
			isa = PBXGroup;
			children = (
				43A0CEA12043A4C600139580 /* EmojiDictionaryUITests.swift */,
				43A0CEA32043A4C600139580 /* Info.plist */,
			);
			path = EmojiDictionaryUITests;
			sourceTree = "<group>";
		};
/* End PBXGroup section */

/* Begin PBXNativeTarget section */
		43A0CE7D2043A4C600139580 /* EmojiDictionary */ = {
			isa = PBXNativeTarget;
			buildConfigurationList = 43A0CEA62043A4C600139580 /* Build configuration list for PBXNativeTarget "EmojiDictionary" */;
			buildPhases = (
				43A0CE7A2043A4C600139580 /* Sources */,
				43A0CE7B2043A4C600139580 /* Frameworks */,
				43A0CE7C2043A4C600139580 /* Resources */,
			);
			buildRules = (
			);
			dependencies = (
			);
			name = EmojiDictionary;
			productName = EmojiDictionary;
			productReference = 43A0CE7E2043A4C600139580 /* EmojiDictionary.app */;
			productType = "com.apple.product-type.application";
		};
		43A0CE912043A4C600139580 /* EmojiDictionaryTests */ = {
			isa = PBXNativeTarget;
			buildConfigurationList = 43A0CEA92043A4C600139580 /* Build configuration list for PBXNativeTarget "EmojiDictionaryTests" */;
			buildPhases = (
				43A0CE8E2043A4C600139580 /* Sources */,
				43A0CE8F2043A4C600139580 /* Frameworks */,
				43A0CE902043A4C600139580 /* Resources */,
			);
			buildRules = (
			);
			dependencies = (
				43A0CE942043A4C600139580 /* PBXTargetDependency */,
			);
			name = EmojiDictionaryTests;
			productName = EmojiDictionaryTests;
			productReference = 43A0CE922043A4C600139580 /* EmojiDictionaryTests.xctest */;
			productType = "com.apple.product-type.bundle.unit-test";
		};
		43A0CE9C2043A4C600139580 /* EmojiDictionaryUITests */ = {
			isa = PBXNativeTarget;
			buildConfigurationList = 43A0CEAC2043A4C600139580 /* Build configuration list for PBXNativeTarget "EmojiDictionaryUITests" */;
			buildPhases = (
				43A0CE992043A4C600139580 /* Sources */,
				43A0CE9A2043A4C600139580 /* Frameworks */,
				43A0CE9B2043A4C600139580 /* Resources */,
			);
			buildRules = (
			);
			dependencies = (
				43A0CE9F2043A4C600139580 /* PBXTargetDependency */,
			);
			name = EmojiDictionaryUITests;
			productName = EmojiDictionaryUITests;
			productReference = 43A0CE9D2043A4C600139580 /* EmojiDictionaryUITests.xctest */;
			productType = "com.apple.product-type.bundle.ui-testing";
		};
/* End PBXNativeTarget section */

/* Begin PBXProject section */
		43A0CE762043A4C500139580 /* Project object */ = {
			isa = PBXProject;
			attributes = {
				LastSwiftUpdateCheck = 0920;
				LastUpgradeCheck = 0920;
				ORGANIZATIONNAME = "Rodrigo Diaz";
				TargetAttributes = {
					43A0CE7D2043A4C600139580 = {
						CreatedOnToolsVersion = 9.2;
						ProvisioningStyle = Automatic;
					};
					43A0CE912043A4C600139580 = {
						CreatedOnToolsVersion = 9.2;
						ProvisioningStyle = Automatic;
						TestTargetID = 43A0CE7D2043A4C600139580;
					};
					43A0CE9C2043A4C600139580 = {
						CreatedOnToolsVersion = 9.2;
						ProvisioningStyle = Automatic;
						TestTargetID = 43A0CE7D2043A4C600139580;
					};
				};
			};
			buildConfigurationList = 43A0CE792043A4C500139580 /* Build configuration list for PBXProject "EmojiDictionary" */;
			compatibilityVersion = "Xcode 8.0";
			developmentRegion = en;
			hasScannedForEncodings = 0;
			knownRegions = (
				en,
				Base,
			);
			mainGroup = 43A0CE752043A4C500139580;
			productRefGroup = 43A0CE7F2043A4C600139580 /* Products */;
			projectDirPath = "";
			projectRoot = "";
			targets = (
				43A0CE7D2043A4C600139580 /* EmojiDictionary */,
				43A0CE912043A4C600139580 /* EmojiDictionaryTests */,
				43A0CE9C2043A4C600139580 /* EmojiDictionaryUITests */,
			);
		};
/* End PBXProject section */

/* Begin PBXResourcesBuildPhase section */
		43A0CE7C2043A4C600139580 /* Resources */ = {
			isa = PBXResourcesBuildPhase;
			buildActionMask = 2147483647;
			files = (
				43A0CE8C2043A4C600139580 /* LaunchScreen.storyboard in Resources */,
				43A0CE892043A4C600139580 /* Assets.xcassets in Resources */,
				43A0CE872043A4C600139580 /* Main.storyboard in Resources */,
			);
			runOnlyForDeploymentPostprocessing = 0;
		};
		43A0CE902043A4C600139580 /* Resources */ = {
			isa = PBXResourcesBuildPhase;
			buildActionMask = 2147483647;
			files = (
			);
			runOnlyForDeploymentPostprocessing = 0;
		};
		43A0CE9B2043A4C600139580 /* Resources */ = {
			isa = PBXResourcesBuildPhase;
			buildActionMask = 2147483647;
			files = (
			);
			runOnlyForDeploymentPostprocessing = 0;
		};
/* End PBXResourcesBuildPhase section */

/* Begin PBXSourcesBuildPhase section */
		43A0CE7A2043A4C600139580 /* Sources */ = {
			isa = PBXSourcesBuildPhase;
			buildActionMask = 2147483647;
			files = (
				43A0CE842043A4C600139580 /* ViewController.swift in Sources */,
				43A0CEB0204659FF00139580 /* DefinitionViewController.swift in Sources */,
				43A0CE822043A4C600139580 /* AppDelegate.swift in Sources */,
			);
			runOnlyForDeploymentPostprocessing = 0;
		};
		43A0CE8E2043A4C600139580 /* Sources */ = {
			isa = PBXSourcesBuildPhase;
			buildActionMask = 2147483647;
			files = (
				43A0CE972043A4C600139580 /* EmojiDictionaryTests.swift in Sources */,
			);
			runOnlyForDeploymentPostprocessing = 0;
		};
		43A0CE992043A4C600139580 /* Sources */ = {
			isa = PBXSourcesBuildPhase;
			buildActionMask = 2147483647;
			files = (
				43A0CEA22043A4C600139580 /* EmojiDictionaryUITests.swift in Sources */,
			);
			runOnlyForDeploymentPostprocessing = 0;
		};
/* End PBXSourcesBuildPhase section */

/* Begin PBXTargetDependency section */
		43A0CE942043A4C600139580 /* PBXTargetDependency */ = {
			isa = PBXTargetDependency;
			target = 43A0CE7D2043A4C600139580 /* EmojiDictionary */;
			targetProxy = 43A0CE932043A4C600139580 /* PBXContainerItemProxy */;
		};
		43A0CE9F2043A4C600139580 /* PBXTargetDependency */ = {
			isa = PBXTargetDependency;
			target = 43A0CE7D2043A4C600139580 /* EmojiDictionary */;
			targetProxy = 43A0CE9E2043A4C600139580 /* PBXContainerItemProxy */;
		};
/* End PBXTargetDependency section */

/* Begin PBXVariantGroup section */
		43A0CE852043A4C600139580 /* Main.storyboard */ = {
			isa = PBXVariantGroup;
			children = (
				43A0CE862043A4C600139580 /* Base */,
			);
			name = Main.storyboard;
			sourceTree = "<group>";
		};
		43A0CE8A2043A4C600139580 /* LaunchScreen.storyboard */ = {
			isa = PBXVariantGroup;
			children = (
				43A0CE8B2043A4C600139580 /* Base */,
			);
			name = LaunchScreen.storyboard;
			sourceTree = "<group>";
		};
/* End PBXVariantGroup section */

/* Begin XCBuildConfiguration section */
		43A0CEA42043A4C600139580 /* Debug */ = {
			isa = XCBuildConfiguration;
			buildSettings = {
				ALWAYS_SEARCH_USER_PATHS = NO;
				CLANG_ANALYZER_NONNULL = YES;
				CLANG_ANALYZER_NUMBER_OBJECT_CONVERSION = YES_AGGRESSIVE;
				CLANG_CXX_LANGUAGE_STANDARD = "gnu++14";
				CLANG_CXX_LIBRARY = "libc++";
				CLANG_ENABLE_MODULES = YES;
				CLANG_ENABLE_OBJC_ARC = YES;
				CLANG_WARN_BLOCK_CAPTURE_AUTORELEASING = YES;
				CLANG_WARN_BOOL_CONVERSION = YES;
				CLANG_WARN_COMMA = YES;
				CLANG_WARN_CONSTANT_CONVERSION = YES;
				CLANG_WARN_DIRECT_OBJC_ISA_USAGE = YES_ERROR;
				CLANG_WARN_DOCUMENTATION_COMMENTS = YES;
				CLANG_WARN_EMPTY_BODY = YES;
				CLANG_WARN_ENUM_CONVERSION = YES;
				CLANG_WARN_INFINITE_RECURSION = YES;
				CLANG_WARN_INT_CONVERSION = YES;
				CLANG_WARN_NON_LITERAL_NULL_CONVERSION = YES;
				CLANG_WARN_OBJC_LITERAL_CONVERSION = YES;
				CLANG_WARN_OBJC_ROOT_CLASS = YES_ERROR;
				CLANG_WARN_RANGE_LOOP_ANALYSIS = YES;
				CLANG_WARN_STRICT_PROTOTYPES = YES;
				CLANG_WARN_SUSPICIOUS_MOVE = YES;
				CLANG_WARN_UNGUARDED_AVAILABILITY = YES_AGGRESSIVE;
				CLANG_WARN_UNREACHABLE_CODE = YES;
				CLANG_WARN__DUPLICATE_METHOD_MATCH = YES;
				CODE_SIGN_IDENTITY = "iPhone Developer";
				COPY_PHASE_STRIP = NO;
				DEBUG_INFORMATION_FORMAT = dwarf;
				ENABLE_STRICT_OBJC_MSGSEND = YES;
				ENABLE_TESTABILITY = YES;
				GCC_C_LANGUAGE_STANDARD = gnu11;
				GCC_DYNAMIC_NO_PIC = NO;
				GCC_NO_COMMON_BLOCKS = YES;
				GCC_OPTIMIZATION_LEVEL = 0;
				GCC_PREPROCESSOR_DEFINITIONS = (
					"DEBUG=1",
					"$(inherited)",
				);
				GCC_WARN_64_TO_32_BIT_CONVERSION = YES;
				GCC_WARN_ABOUT_RETURN_TYPE = YES_ERROR;
				GCC_WARN_UNDECLARED_SELECTOR = YES;
				GCC_WARN_UNINITIALIZED_AUTOS = YES_AGGRESSIVE;
				GCC_WARN_UNUSED_FUNCTION = YES;
				GCC_WARN_UNUSED_VARIABLE = YES;
				IPHONEOS_DEPLOYMENT_TARGET = 11.2;
				MTL_ENABLE_DEBUG_INFO = YES;
				ONLY_ACTIVE_ARCH = YES;
				SDKROOT = iphoneos;
				SWIFT_ACTIVE_COMPILATION_CONDITIONS = DEBUG;
				SWIFT_OPTIMIZATION_LEVEL = "-Onone";
			};
			name = Debug;
		};
		43A0CEA52043A4C600139580 /* Release */ = {
			isa = XCBuildConfiguration;
			buildSettings = {
				ALWAYS_SEARCH_USER_PATHS = NO;
				CLANG_ANALYZER_NONNULL = YES;
				CLANG_ANALYZER_NUMBER_OBJECT_CONVERSION = YES_AGGRESSIVE;
				CLANG_CXX_LANGUAGE_STANDARD = "gnu++14";
				CLANG_CXX_LIBRARY = "libc++";
				CLANG_ENABLE_MODULES = YES;
				CLANG_ENABLE_OBJC_ARC = YES;
				CLANG_WARN_BLOCK_CAPTURE_AUTORELEASING = YES;
				CLANG_WARN_BOOL_CONVERSION = YES;
				CLANG_WARN_COMMA = YES;
				CLANG_WARN_CONSTANT_CONVERSION = YES;
				CLANG_WARN_DIRECT_OBJC_ISA_USAGE = YES_ERROR;
				CLANG_WARN_DOCUMENTATION_COMMENTS = YES;
				CLANG_WARN_EMPTY_BODY = YES;
				CLANG_WARN_ENUM_CONVERSION = YES;
				CLANG_WARN_INFINITE_RECURSION = YES;
				CLANG_WARN_INT_CONVERSION = YES;
				CLANG_WARN_NON_LITERAL_NULL_CONVERSION = YES;
				CLANG_WARN_OBJC_LITERAL_CONVERSION = YES;
				CLANG_WARN_OBJC_ROOT_CLASS = YES_ERROR;
				CLANG_WARN_RANGE_LOOP_ANALYSIS = YES;
				CLANG_WARN_STRICT_PROTOTYPES = YES;
				CLANG_WARN_SUSPICIOUS_MOVE = YES;
				CLANG_WARN_UNGUARDED_AVAILABILITY = YES_AGGRESSIVE;
				CLANG_WARN_UNREACHABLE_CODE = YES;
				CLANG_WARN__DUPLICATE_METHOD_MATCH = YES;
				CODE_SIGN_IDENTITY = "iPhone Developer";
				COPY_PHASE_STRIP = NO;
				DEBUG_INFORMATION_FORMAT = "dwarf-with-dsym";
				ENABLE_NS_ASSERTIONS = NO;
				ENABLE_STRICT_OBJC_MSGSEND = YES;
				GCC_C_LANGUAGE_STANDARD = gnu11;
				GCC_NO_COMMON_BLOCKS = YES;
				GCC_WARN_64_TO_32_BIT_CONVERSION = YES;
				GCC_WARN_ABOUT_RETURN_TYPE = YES_ERROR;
				GCC_WARN_UNDECLARED_SELECTOR = YES;
				GCC_WARN_UNINITIALIZED_AUTOS = YES_AGGRESSIVE;
				GCC_WARN_UNUSED_FUNCTION = YES;
				GCC_WARN_UNUSED_VARIABLE = YES;
				IPHONEOS_DEPLOYMENT_TARGET = 11.2;
				MTL_ENABLE_DEBUG_INFO = NO;
				SDKROOT = iphoneos;
				SWIFT_OPTIMIZATION_LEVEL = "-Owholemodule";
				VALIDATE_PRODUCT = YES;
			};
			name = Release;
		};
		43A0CEA72043A4C600139580 /* Debug */ = {
			isa = XCBuildConfiguration;
			buildSettings = {
				ASSETCATALOG_COMPILER_APPICON_NAME = AppIcon;
				CODE_SIGN_STYLE = Automatic;
				DEVELOPMENT_TEAM = 566Z778YW3;
				INFOPLIST_FILE = EmojiDictionary/Info.plist;
				LD_RUNPATH_SEARCH_PATHS = "$(inherited) @executable_path/Frameworks";
				PRODUCT_BUNDLE_IDENTIFIER = acme.EmojiDictionary;
				PRODUCT_NAME = "$(TARGET_NAME)";
				SWIFT_VERSION = 4.0;
				TARGETED_DEVICE_FAMILY = "1,2";
			};
			name = Debug;
		};
		43A0CEA82043A4C600139580 /* Release */ = {
			isa = XCBuildConfiguration;
			buildSettings = {
				ASSETCATALOG_COMPILER_APPICON_NAME = AppIcon;
				CODE_SIGN_STYLE = Automatic;
				DEVELOPMENT_TEAM = 566Z778YW3;
				INFOPLIST_FILE = EmojiDictionary/Info.plist;
				LD_RUNPATH_SEARCH_PATHS = "$(inherited) @executable_path/Frameworks";
				PRODUCT_BUNDLE_IDENTIFIER = acme.EmojiDictionary;
				PRODUCT_NAME = "$(TARGET_NAME)";
				SWIFT_VERSION = 4.0;
				TARGETED_DEVICE_FAMILY = "1,2";
			};
			name = Release;
		};
		43A0CEAA2043A4C600139580 /* Debug */ = {
			isa = XCBuildConfiguration;
			buildSettings = {
				ALWAYS_EMBED_SWIFT_STANDARD_LIBRARIES = YES;
				BUNDLE_LOADER = "$(TEST_HOST)";
				CODE_SIGN_STYLE = Automatic;
				INFOPLIST_FILE = EmojiDictionaryTests/Info.plist;
				LD_RUNPATH_SEARCH_PATHS = "$(inherited) @executable_path/Frameworks @loader_path/Frameworks";
				PRODUCT_BUNDLE_IDENTIFIER = acme.EmojiDictionaryTests;
				PRODUCT_NAME = "$(TARGET_NAME)";
				SWIFT_VERSION = 4.0;
				TARGETED_DEVICE_FAMILY = "1,2";
				TEST_HOST = "$(BUILT_PRODUCTS_DIR)/EmojiDictionary.app/EmojiDictionary";
			};
			name = Debug;
		};
		43A0CEAB2043A4C600139580 /* Release */ = {
			isa = XCBuildConfiguration;
			buildSettings = {
				ALWAYS_EMBED_SWIFT_STANDARD_LIBRARIES = YES;
				BUNDLE_LOADER = "$(TEST_HOST)";
				CODE_SIGN_STYLE = Automatic;
				INFOPLIST_FILE = EmojiDictionaryTests/Info.plist;
				LD_RUNPATH_SEARCH_PATHS = "$(inherited) @executable_path/Frameworks @loader_path/Frameworks";
				PRODUCT_BUNDLE_IDENTIFIER = acme.EmojiDictionaryTests;
				PRODUCT_NAME = "$(TARGET_NAME)";
				SWIFT_VERSION = 4.0;
				TARGETED_DEVICE_FAMILY = "1,2";
				TEST_HOST = "$(BUILT_PRODUCTS_DIR)/EmojiDictionary.app/EmojiDictionary";
			};
			name = Release;
		};
		43A0CEAD2043A4C600139580 /* Debug */ = {
			isa = XCBuildConfiguration;
			buildSettings = {
				ALWAYS_EMBED_SWIFT_STANDARD_LIBRARIES = YES;
				CODE_SIGN_STYLE = Automatic;
				INFOPLIST_FILE = EmojiDictionaryUITests/Info.plist;
				LD_RUNPATH_SEARCH_PATHS = "$(inherited) @executable_path/Frameworks @loader_path/Frameworks";
				PRODUCT_BUNDLE_IDENTIFIER = acme.EmojiDictionaryUITests;
				PRODUCT_NAME = "$(TARGET_NAME)";
				SWIFT_VERSION = 4.0;
				TARGETED_DEVICE_FAMILY = "1,2";
				TEST_TARGET_NAME = EmojiDictionary;
			};
			name = Debug;
		};
		43A0CEAE2043A4C600139580 /* Release */ = {
			isa = XCBuildConfiguration;
			buildSettings = {
				ALWAYS_EMBED_SWIFT_STANDARD_LIBRARIES = YES;
				CODE_SIGN_STYLE = Automatic;
				INFOPLIST_FILE = EmojiDictionaryUITests/Info.plist;
				LD_RUNPATH_SEARCH_PATHS = "$(inherited) @executable_path/Frameworks @loader_path/Frameworks";
				PRODUCT_BUNDLE_IDENTIFIER = acme.EmojiDictionaryUITests;
				PRODUCT_NAME = "$(TARGET_NAME)";
				SWIFT_VERSION = 4.0;
				TARGETED_DEVICE_FAMILY = "1,2";
				TEST_TARGET_NAME = EmojiDictionary;
			};
			name = Release;
		};
/* End XCBuildConfiguration section */

/* Begin XCConfigurationList section */
		43A0CE792043A4C500139580 /* Build configuration list for PBXProject "EmojiDictionary" */ = {
			isa = XCConfigurationList;
			buildConfigurations = (
				43A0CEA42043A4C600139580 /* Debug */,
				43A0CEA52043A4C600139580 /* Release */,
			);
			defaultConfigurationIsVisible = 0;
			defaultConfigurationName = Release;
		};
		43A0CEA62043A4C600139580 /* Build configuration list for PBXNativeTarget "EmojiDictionary" */ = {
			isa = XCConfigurationList;
			buildConfigurations = (
				43A0CEA72043A4C600139580 /* Debug */,
				43A0CEA82043A4C600139580 /* Release */,
			);
			defaultConfigurationIsVisible = 0;
			defaultConfigurationName = Release;
		};
		43A0CEA92043A4C600139580 /* Build configuration list for PBXNativeTarget "EmojiDictionaryTests" */ = {
			isa = XCConfigurationList;
			buildConfigurations = (
				43A0CEAA2043A4C600139580 /* Debug */,
				43A0CEAB2043A4C600139580 /* Release */,
			);
			defaultConfigurationIsVisible = 0;
			defaultConfigurationName = Release;
		};
		43A0CEAC2043A4C600139580 /* Build configuration list for PBXNativeTarget "EmojiDictionaryUITests" */ = {
			isa = XCConfigurationList;
			buildConfigurations = (
				43A0CEAD2043A4C600139580 /* Debug */,
				43A0CEAE2043A4C600139580 /* Release */,
			);
			defaultConfigurationIsVisible = 0;
			defaultConfigurationName = Release;
		};
/* End XCConfigurationList section */
	};
	rootObject = 43A0CE762043A4C500139580 /* Project object */;
}
